
Microsoft Visual Studio Solution File, Format Version 12.00
# Visual Studio Version 16
VisualStudioVersion = 16.0.31911.196
MinimumVisualStudioVersion = 10.0.40219.1
Project("{FAE04EC0-301F-11D3-BF4B-00C04F79EFBC}") = "LinesPuller", "LinesPuller.csproj", "{F6CC2246-3D8A-4BFB-BD3E-F08C9AC0A831}"
EndProject
Global
	GlobalSection(SolutionConfigurationPlatforms) = preSolution
		Debug|Any CPU = Debug|Any CPU
		Release|Any CPU = Release|Any CPU
	EndGlobalSection
	GlobalSection(ProjectConfigurationPlatforms) = postSolution
		{F6CC2246-3D8A-4BFB-BD3E-F08C9AC0A831}.Debug|Any CPU.ActiveCfg = Debug|Any CPU
		{F6CC2246-3D8A-4BFB-BD3E-F08C9AC0A831}.Debug|Any CPU.Build.0 = Debug|Any CPU
		{F6CC2246-3D8A-4BFB-BD3E-F08C9AC0A831}.Release|Any CPU.ActiveCfg = Release|Any CPU
		{F6CC2246-3D8A-4BFB-BD3E-F08C9AC0A831}.Release|Any CPU.Build.0 = Release|Any CPU
	EndGlobalSection
	GlobalSection(SolutionProperties) = preSolution
		HideSolutionNode = FALSE
	EndGlobalSection
	GlobalSection(ExtensibilityGlobals) = postSolution
		SolutionGuid = {1771D745-706F-4372-AF7D-1FBF5E8030D1}
	EndGlobalSection
EndGlobal
